
Microsoft Visual Studio Solution File, Format Version 12.00
# Visual Studio Version 17
VisualStudioVersion = 17.14.36127.28 d17.14
MinimumVisualStudioVersion = 10.0.40219.1
Project("{FAE04EC0-301F-11D3-BF4B-00C04F79EFBC}") = "EngWordApp", "EngWordApp\EngWordApp.csproj", "{A535D036-009D-4E06-8928-B735CC3A5036}"
EndProject
Global
	GlobalSection(SolutionConfigurationPlatforms) = preSolution
		Debug|Any CPU = Debug|Any CPU
		Release|Any CPU = Release|Any CPU
	EndGlobalSection
	GlobalSection(ProjectConfigurationPlatforms) = postSolution
		{A535D036-009D-4E06-8928-B735CC3A5036}.Debug|Any CPU.ActiveCfg = Debug|Any CPU
		{A535D036-009D-4E06-8928-B735CC3A5036}.Debug|Any CPU.Build.0 = Debug|Any CPU
		{A535D036-009D-4E06-8928-B735CC3A5036}.Release|Any CPU.ActiveCfg = Release|Any CPU
		{A535D036-009D-4E06-8928-B735CC3A5036}.Release|Any CPU.Build.0 = Release|Any CPU
	EndGlobalSection
	GlobalSection(SolutionProperties) = preSolution
		HideSolutionNode = FALSE
	EndGlobalSection
	GlobalSection(ExtensibilityGlobals) = postSolution
		SolutionGuid = {C3F90B56-A8A4-4FF0-B513-7A2936579D1F}
	EndGlobalSection
EndGlobal
